
Microsoft Visual Studio Solution File, Format Version 12.00
# Visual Studio 2012
Project("{FAE04EC0-301F-11D3-BF4B-00C04F79EFBC}") = "AssessmentAnywhere", "AssessmentAnywhere\AssessmentAnywhere.csproj", "{6D6E40C3-7898-40F5-A850-2E63D9130131}"
EndProject
Project("{FAE04EC0-301F-11D3-BF4B-00C04F79EFBC}") = "AssessmentAnywhere.Services", "AssessmentAnywhere.Services\AssessmentAnywhere.Services.csproj", "{C5D6E14A-C61E-4606-A9CE-0EC617B336D2}"
EndProject
Project("{2150E333-8FDC-42A3-9474-1A3956D46DE8}") = "Solution Items", "Solution Items", "{6570F1D3-7740-4E5F-93D8-1BA2FD928B31}"
	ProjectSection(SolutionItems) = preProject
		Roadmap.markdown = Roadmap.markdown
	EndProjectSection
EndProject
Project("{FAE04EC0-301F-11D3-BF4B-00C04F79EFBC}") = "AssessmentAnywhere.Excel", "AssessmentAnywhere.Excel\AssessmentAnywhere.Excel.csproj", "{53FF3F92-2E86-4BC0-959A-C4898518602C}"
EndProject
Global
	GlobalSection(SolutionConfigurationPlatforms) = preSolution
		Debug|Any CPU = Debug|Any CPU
		Release|Any CPU = Release|Any CPU
	EndGlobalSection
	GlobalSection(ProjectConfigurationPlatforms) = postSolution
		{6D6E40C3-7898-40F5-A850-2E63D9130131}.Debug|Any CPU.ActiveCfg = Debug|Any CPU
		{6D6E40C3-7898-40F5-A850-2E63D9130131}.Debug|Any CPU.Build.0 = Debug|Any CPU
		{6D6E40C3-7898-40F5-A850-2E63D9130131}.Release|Any CPU.ActiveCfg = Release|Any CPU
		{6D6E40C3-7898-40F5-A850-2E63D9130131}.Release|Any CPU.Build.0 = Release|Any CPU
		{C5D6E14A-C61E-4606-A9CE-0EC617B336D2}.Debug|Any CPU.ActiveCfg = Debug|Any CPU
		{C5D6E14A-C61E-4606-A9CE-0EC617B336D2}.Debug|Any CPU.Build.0 = Debug|Any CPU
		{C5D6E14A-C61E-4606-A9CE-0EC617B336D2}.Release|Any CPU.ActiveCfg = Release|Any CPU
		{C5D6E14A-C61E-4606-A9CE-0EC617B336D2}.Release|Any CPU.Build.0 = Release|Any CPU
		{53FF3F92-2E86-4BC0-959A-C4898518602C}.Debug|Any CPU.ActiveCfg = Debug|Any CPU
		{53FF3F92-2E86-4BC0-959A-C4898518602C}.Debug|Any CPU.Build.0 = Debug|Any CPU
		{53FF3F92-2E86-4BC0-959A-C4898518602C}.Release|Any CPU.ActiveCfg = Release|Any CPU
		{53FF3F92-2E86-4BC0-959A-C4898518602C}.Release|Any CPU.Build.0 = Release|Any CPU
	EndGlobalSection
	GlobalSection(SolutionProperties) = preSolution
		HideSolutionNode = FALSE
	EndGlobalSection
EndGlobal
